{
  "name": "babel-zip",
  "lockfileVersion": 2,
  "requires": true,
  "packages": {
    "": {
      "dependencies": {
        "fast-random": "^2.0.4",
        "seeded-rand": "^2.0.1",
        "seedrandom": "^3.0.5"
      }
    },
    "node_modules/fast-random": {
      "version": "2.0.4",
      "resolved": "https://registry.npmjs.org/fast-random/-/fast-random-2.0.4.tgz",
      "integrity": "sha512-5F5065/D6wvzopZDePjT9C8EhDltwygBdW1AqDHIWPeP9flrxrAk89KYUDlS0V7IoALaRGPtc1pFEXqTyOa8tw=="
    },
    "node_modules/seeded-rand": {
      "version": "2.0.1",
      "resolved": "https://registry.npmjs.org/seeded-rand/-/seeded-rand-2.0.1.tgz",
      "integrity": "sha512-OoNSbS3HH7tFIcE3zsn9BkyfjV6Of4L8b0HZU69WiqOQsMTXBTe83MNnIxmgTx9ABmOoTBhPwst+SN96twgDvA=="
    },
    "node_modules/seedrandom": {
      "version": "3.0.5",
      "resolved": "https://registry.npmjs.org/seedrandom/-/seedrandom-3.0.5.tgz",
      "integrity": "sha512-8OwmbklUNzwezjGInmZ+2clQmExQPvomqjL7LFqOYqtmuxRgQYqOD3mHaU+MvZn5FLUeVxVfQjwLZW/n/JFuqg=="
    }
  },
  "dependencies": {
    "fast-random": {
      "version": "2.0.4",
      "resolved": "https://registry.npmjs.org/fast-random/-/fast-random-2.0.4.tgz",
      "integrity": "sha512-5F5065/D6wvzopZDePjT9C8EhDltwygBdW1AqDHIWPeP9flrxrAk89KYUDlS0V7IoALaRGPtc1pFEXqTyOa8tw=="
    },
    "seeded-rand": {
      "version": "2.0.1",
      "resolved": "https://registry.npmjs.org/seeded-rand/-/seeded-rand-2.0.1.tgz",
      "integrity": "sha512-OoNSbS3HH7tFIcE3zsn9BkyfjV6Of4L8b0HZU69WiqOQsMTXBTe83MNnIxmgTx9ABmOoTBhPwst+SN96twgDvA=="
    },
    "seedrandom": {
      "version": "3.0.5",
      "resolved": "https://registry.npmjs.org/seedrandom/-/seedrandom-3.0.5.tgz",
      "integrity": "sha512-8OwmbklUNzwezjGInmZ+2clQmExQPvomqjL7LFqOYqtmuxRgQYqOD3mHaU+MvZn5FLUeVxVfQjwLZW/n/JFuqg=="
    }
  }
}
